
Microsoft Visual Studio Solution File, Format Version 12.00
# Visual Studio Version 16
VisualStudioVersion = 16.0.32106.194
MinimumVisualStudioVersion = 10.0.40219.1
Project("{9A19103F-16F7-4668-BE54-9A1E7A4F7556}") = "GlobeChek-config", "GlobeChek-config\GlobeChek-config.csproj", "{68685F77-AF3F-42DB-9F23-406207A47F33}"
EndProject
Project("{FAE04EC0-301F-11D3-BF4B-00C04F79EFBC}") = "globeChekServices", "globeChekServices\globeChekServices.csproj", "{8F306D1A-F0A1-4780-AEE4-7E341444A21E}"
EndProject
Project("{FAE04EC0-301F-11D3-BF4B-00C04F79EFBC}") = "globeChekModels", "globeChekModels\globeChekModels.csproj", "{2DE3FAF4-7A14-4582-A443-4408F1B5B63B}"
EndProject
Global
	GlobalSection(SolutionConfigurationPlatforms) = preSolution
		Debug|Any CPU = Debug|Any CPU
		Release|Any CPU = Release|Any CPU
	EndGlobalSection
	GlobalSection(ProjectConfigurationPlatforms) = postSolution
		{68685F77-AF3F-42DB-9F23-406207A47F33}.Debug|Any CPU.ActiveCfg = Debug|Any CPU
		{68685F77-AF3F-42DB-9F23-406207A47F33}.Debug|Any CPU.Build.0 = Debug|Any CPU
		{68685F77-AF3F-42DB-9F23-406207A47F33}.Release|Any CPU.ActiveCfg = Release|Any CPU
		{68685F77-AF3F-42DB-9F23-406207A47F33}.Release|Any CPU.Build.0 = Release|Any CPU
		{8F306D1A-F0A1-4780-AEE4-7E341444A21E}.Debug|Any CPU.ActiveCfg = Debug|Any CPU
		{8F306D1A-F0A1-4780-AEE4-7E341444A21E}.Debug|Any CPU.Build.0 = Debug|Any CPU
		{8F306D1A-F0A1-4780-AEE4-7E341444A21E}.Release|Any CPU.ActiveCfg = Release|Any CPU
		{8F306D1A-F0A1-4780-AEE4-7E341444A21E}.Release|Any CPU.Build.0 = Release|Any CPU
		{2DE3FAF4-7A14-4582-A443-4408F1B5B63B}.Debug|Any CPU.ActiveCfg = Debug|Any CPU
		{2DE3FAF4-7A14-4582-A443-4408F1B5B63B}.Debug|Any CPU.Build.0 = Debug|Any CPU
		{2DE3FAF4-7A14-4582-A443-4408F1B5B63B}.Release|Any CPU.ActiveCfg = Release|Any CPU
		{2DE3FAF4-7A14-4582-A443-4408F1B5B63B}.Release|Any CPU.Build.0 = Release|Any CPU
	EndGlobalSection
	GlobalSection(SolutionProperties) = preSolution
		HideSolutionNode = FALSE
	EndGlobalSection
	GlobalSection(ExtensibilityGlobals) = postSolution
		SolutionGuid = {4CEDBD84-2D71-4342-BBB8-EB9E97ADDCE8}
	EndGlobalSection
EndGlobal
